
Microsoft Visual Studio Solution File, Format Version 12.00
# Visual Studio Version 17
VisualStudioVersion = 17.0.31903.59
MinimumVisualStudioVersion = 10.0.40219.1
Project("{FAE04EC0-301F-11D3-BF4B-00C04F79EFBC}") = "0011-container-wtih-most-water", "0011-container-wtih-most-water\0011-container-wtih-most-water.csproj", "{F6E6A90C-77C5-4EBF-AF4F-3281B72ACB1B}"
EndProject
Project("{FAE04EC0-301F-11D3-BF4B-00C04F79EFBC}") = "0012-integer-to-roman", "0012-integer-to-roman\0012-integer-to-roman.csproj", "{144C62F3-966F-43CD-BAD0-D427390ABD38}"
EndProject
Project("{FAE04EC0-301F-11D3-BF4B-00C04F79EFBC}") = "0013-roman-to-integer", "0013-roman-to-integer\0013-roman-to-integer.csproj", "{DCF7BFCE-44D2-46DC-922E-2458394E7C74}"
EndProject
Project("{FAE04EC0-301F-11D3-BF4B-00C04F79EFBC}") = "0015-3sum", "0015-3sum\0015-3sum.csproj", "{B242ED36-9A50-403D-BAE5-F23604198C20}"
EndProject
Project("{FAE04EC0-301F-11D3-BF4B-00C04F79EFBC}") = "0016-3sum-closest", "0016-3sum-closest\0016-3sum-closest.csproj", "{FD1C9D46-0AEE-4540-9556-A9DD506B33FA}"
EndProject
Project("{FAE04EC0-301F-11D3-BF4B-00C04F79EFBC}") = "0017-letter-combinations-of-a-phone-number", "0017-letter-combinations-of-a-phone-number\0017-letter-combinations-of-a-phone-number.csproj", "{55D8C1AA-6B5F-49F5-A795-0D0F084C77D8}"
EndProject
Project("{FAE04EC0-301F-11D3-BF4B-00C04F79EFBC}") = "0018-4sum", "0018-4sum\0018-4sum.csproj", "{43418DA5-AE08-4ECE-89B2-7B37827EC447}"
EndProject
Project("{FAE04EC0-301F-11D3-BF4B-00C04F79EFBC}") = "0019-remove-nth-node-from-end-of-list", "0019-remove-nth-node-from-end-of-list\0019-remove-nth-node-from-end-of-list.csproj", "{7D10B87B-1A7D-48D7-8A62-3650FF6A416A}"
EndProject
Project("{FAE04EC0-301F-11D3-BF4B-00C04F79EFBC}") = "0020-valid-parentheses", "0020-valid-parentheses\0020-valid-parentheses.csproj", "{F6B87A87-47C4-4FC4-BDE9-F61321449B14}"
EndProject
Project("{FAE04EC0-301F-11D3-BF4B-00C04F79EFBC}") = "0021-merge-two-sorted-lists", "0021-merge-two-sorted-lists\0021-merge-two-sorted-lists.csproj", "{9FED5A00-FDA9-4C7D-9C02-3DE9FAA36AE6}"
EndProject
Project("{FAE04EC0-301F-11D3-BF4B-00C04F79EFBC}") = "0022-generate-parentheses", "0022-generate-parentheses\0022-generate-parentheses.csproj", "{9ECE160C-D50C-4CFA-8A5A-774AB6AF882B}"
EndProject
Project("{FAE04EC0-301F-11D3-BF4B-00C04F79EFBC}") = "0023-merge-k-sorted-lists", "0023-merge-k-sorted-lists\0023-merge-k-sorted-lists.csproj", "{D8CF41FB-118B-40D2-A967-5185459CAAB1}"
EndProject
Project("{FAE04EC0-301F-11D3-BF4B-00C04F79EFBC}") = "0024-swap-nodes-in-pairs", "0024-swap-nodes-in-pairs\0024-swap-nodes-in-pairs.csproj", "{084D3CA9-6F2B-4791-86D6-1E4EC50741F0}"
EndProject
Project("{FAE04EC0-301F-11D3-BF4B-00C04F79EFBC}") = "0025-reverse-nodes-in-k-group", "0025-reverse-nodes-in-k-group\0025-reverse-nodes-in-k-group.csproj", "{E4809EFB-72B5-49C5-A5CB-2722B779DCD5}"
EndProject
Project("{FAE04EC0-301F-11D3-BF4B-00C04F79EFBC}") = "0026-remove-duplicates-from-sorted-array", "0026-remove-duplicates-from-sorted-array\0026-remove-duplicates-from-sorted-array.csproj", "{89ABFDA2-A98F-4D08-B429-5D2510619204}"
EndProject
Project("{FAE04EC0-301F-11D3-BF4B-00C04F79EFBC}") = "0027-remove-element", "0027-remove-element\0027-remove-element.csproj", "{2858C874-0F7B-46D0-BB2E-BAF0D9613978}"
EndProject
Project("{FAE04EC0-301F-11D3-BF4B-00C04F79EFBC}") = "0028-find-index-of-the-first-occurence-in-a-string", "0028-find-index-of-the-first-occurence-in-a-string\0028-find-index-of-the-first-occurence-in-a-string.csproj", "{710A4D1D-CB73-4F4C-9BAF-A262204B8382}"
EndProject
Global
	GlobalSection(SolutionConfigurationPlatforms) = preSolution
		Debug|Any CPU = Debug|Any CPU
		Debug|x64 = Debug|x64
		Debug|x86 = Debug|x86
		Release|Any CPU = Release|Any CPU
		Release|x64 = Release|x64
		Release|x86 = Release|x86
	EndGlobalSection
	GlobalSection(ProjectConfigurationPlatforms) = postSolution
		{F6E6A90C-77C5-4EBF-AF4F-3281B72ACB1B}.Debug|Any CPU.ActiveCfg = Debug|Any CPU
		{F6E6A90C-77C5-4EBF-AF4F-3281B72ACB1B}.Debug|Any CPU.Build.0 = Debug|Any CPU
		{F6E6A90C-77C5-4EBF-AF4F-3281B72ACB1B}.Debug|x64.ActiveCfg = Debug|Any CPU
		{F6E6A90C-77C5-4EBF-AF4F-3281B72ACB1B}.Debug|x64.Build.0 = Debug|Any CPU
		{F6E6A90C-77C5-4EBF-AF4F-3281B72ACB1B}.Debug|x86.ActiveCfg = Debug|Any CPU
		{F6E6A90C-77C5-4EBF-AF4F-3281B72ACB1B}.Debug|x86.Build.0 = Debug|Any CPU
		{F6E6A90C-77C5-4EBF-AF4F-3281B72ACB1B}.Release|Any CPU.ActiveCfg = Release|Any CPU
		{F6E6A90C-77C5-4EBF-AF4F-3281B72ACB1B}.Release|Any CPU.Build.0 = Release|Any CPU
		{F6E6A90C-77C5-4EBF-AF4F-3281B72ACB1B}.Release|x64.ActiveCfg = Release|Any CPU
		{F6E6A90C-77C5-4EBF-AF4F-3281B72ACB1B}.Release|x64.Build.0 = Release|Any CPU
		{F6E6A90C-77C5-4EBF-AF4F-3281B72ACB1B}.Release|x86.ActiveCfg = Release|Any CPU
		{F6E6A90C-77C5-4EBF-AF4F-3281B72ACB1B}.Release|x86.Build.0 = Release|Any CPU
		{144C62F3-966F-43CD-BAD0-D427390ABD38}.Debug|Any CPU.ActiveCfg = Debug|Any CPU
		{144C62F3-966F-43CD-BAD0-D427390ABD38}.Debug|Any CPU.Build.0 = Debug|Any CPU
		{144C62F3-966F-43CD-BAD0-D427390ABD38}.Debug|x64.ActiveCfg = Debug|Any CPU
		{144C62F3-966F-43CD-BAD0-D427390ABD38}.Debug|x64.Build.0 = Debug|Any CPU
		{144C62F3-966F-43CD-BAD0-D427390ABD38}.Debug|x86.ActiveCfg = Debug|Any CPU
		{144C62F3-966F-43CD-BAD0-D427390ABD38}.Debug|x86.Build.0 = Debug|Any CPU
		{144C62F3-966F-43CD-BAD0-D427390ABD38}.Release|Any CPU.ActiveCfg = Release|Any CPU
		{144C62F3-966F-43CD-BAD0-D427390ABD38}.Release|Any CPU.Build.0 = Release|Any CPU
		{144C62F3-966F-43CD-BAD0-D427390ABD38}.Release|x64.ActiveCfg = Release|Any CPU
		{144C62F3-966F-43CD-BAD0-D427390ABD38}.Release|x64.Build.0 = Release|Any CPU
		{144C62F3-966F-43CD-BAD0-D427390ABD38}.Release|x86.ActiveCfg = Release|Any CPU
		{144C62F3-966F-43CD-BAD0-D427390ABD38}.Release|x86.Build.0 = Release|Any CPU
		{DCF7BFCE-44D2-46DC-922E-2458394E7C74}.Debug|Any CPU.ActiveCfg = Debug|Any CPU
		{DCF7BFCE-44D2-46DC-922E-2458394E7C74}.Debug|Any CPU.Build.0 = Debug|Any CPU
		{DCF7BFCE-44D2-46DC-922E-2458394E7C74}.Debug|x64.ActiveCfg = Debug|Any CPU
		{DCF7BFCE-44D2-46DC-922E-2458394E7C74}.Debug|x64.Build.0 = Debug|Any CPU
		{DCF7BFCE-44D2-46DC-922E-2458394E7C74}.Debug|x86.ActiveCfg = Debug|Any CPU
		{DCF7BFCE-44D2-46DC-922E-2458394E7C74}.Debug|x86.Build.0 = Debug|Any CPU
		{DCF7BFCE-44D2-46DC-922E-2458394E7C74}.Release|Any CPU.ActiveCfg = Release|Any CPU
		{DCF7BFCE-44D2-46DC-922E-2458394E7C74}.Release|Any CPU.Build.0 = Release|Any CPU
		{DCF7BFCE-44D2-46DC-922E-2458394E7C74}.Release|x64.ActiveCfg = Release|Any CPU
		{DCF7BFCE-44D2-46DC-922E-2458394E7C74}.Release|x64.Build.0 = Release|Any CPU
		{DCF7BFCE-44D2-46DC-922E-2458394E7C74}.Release|x86.ActiveCfg = Release|Any CPU
		{DCF7BFCE-44D2-46DC-922E-2458394E7C74}.Release|x86.Build.0 = Release|Any CPU
		{B242ED36-9A50-403D-BAE5-F23604198C20}.Debug|Any CPU.ActiveCfg = Debug|Any CPU
		{B242ED36-9A50-403D-BAE5-F23604198C20}.Debug|Any CPU.Build.0 = Debug|Any CPU
		{B242ED36-9A50-403D-BAE5-F23604198C20}.Debug|x64.ActiveCfg = Debug|Any CPU
		{B242ED36-9A50-403D-BAE5-F23604198C20}.Debug|x64.Build.0 = Debug|Any CPU
		{B242ED36-9A50-403D-BAE5-F23604198C20}.Debug|x86.ActiveCfg = Debug|Any CPU
		{B242ED36-9A50-403D-BAE5-F23604198C20}.Debug|x86.Build.0 = Debug|Any CPU
		{B242ED36-9A50-403D-BAE5-F23604198C20}.Release|Any CPU.ActiveCfg = Release|Any CPU
		{B242ED36-9A50-403D-BAE5-F23604198C20}.Release|Any CPU.Build.0 = Release|Any CPU
		{B242ED36-9A50-403D-BAE5-F23604198C20}.Release|x64.ActiveCfg = Release|Any CPU
		{B242ED36-9A50-403D-BAE5-F23604198C20}.Release|x64.Build.0 = Release|Any CPU
		{B242ED36-9A50-403D-BAE5-F23604198C20}.Release|x86.ActiveCfg = Release|Any CPU
		{B242ED36-9A50-403D-BAE5-F23604198C20}.Release|x86.Build.0 = Release|Any CPU
		{FD1C9D46-0AEE-4540-9556-A9DD506B33FA}.Debug|Any CPU.ActiveCfg = Debug|Any CPU
		{FD1C9D46-0AEE-4540-9556-A9DD506B33FA}.Debug|Any CPU.Build.0 = Debug|Any CPU
		{FD1C9D46-0AEE-4540-9556-A9DD506B33FA}.Debug|x64.ActiveCfg = Debug|Any CPU
		{FD1C9D46-0AEE-4540-9556-A9DD506B33FA}.Debug|x64.Build.0 = Debug|Any CPU
		{FD1C9D46-0AEE-4540-9556-A9DD506B33FA}.Debug|x86.ActiveCfg = Debug|Any CPU
		{FD1C9D46-0AEE-4540-9556-A9DD506B33FA}.Debug|x86.Build.0 = Debug|Any CPU
		{FD1C9D46-0AEE-4540-9556-A9DD506B33FA}.Release|Any CPU.ActiveCfg = Release|Any CPU
		{FD1C9D46-0AEE-4540-9556-A9DD506B33FA}.Release|Any CPU.Build.0 = Release|Any CPU
		{FD1C9D46-0AEE-4540-9556-A9DD506B33FA}.Release|x64.ActiveCfg = Release|Any CPU
		{FD1C9D46-0AEE-4540-9556-A9DD506B33FA}.Release|x64.Build.0 = Release|Any CPU
		{FD1C9D46-0AEE-4540-9556-A9DD506B33FA}.Release|x86.ActiveCfg = Release|Any CPU
		{FD1C9D46-0AEE-4540-9556-A9DD506B33FA}.Release|x86.Build.0 = Release|Any CPU
		{55D8C1AA-6B5F-49F5-A795-0D0F084C77D8}.Debug|Any CPU.ActiveCfg = Debug|Any CPU
		{55D8C1AA-6B5F-49F5-A795-0D0F084C77D8}.Debug|Any CPU.Build.0 = Debug|Any CPU
		{55D8C1AA-6B5F-49F5-A795-0D0F084C77D8}.Debug|x64.ActiveCfg = Debug|Any CPU
		{55D8C1AA-6B5F-49F5-A795-0D0F084C77D8}.Debug|x64.Build.0 = Debug|Any CPU
		{55D8C1AA-6B5F-49F5-A795-0D0F084C77D8}.Debug|x86.ActiveCfg = Debug|Any CPU
		{55D8C1AA-6B5F-49F5-A795-0D0F084C77D8}.Debug|x86.Build.0 = Debug|Any CPU
		{55D8C1AA-6B5F-49F5-A795-0D0F084C77D8}.Release|Any CPU.ActiveCfg = Release|Any CPU
		{55D8C1AA-6B5F-49F5-A795-0D0F084C77D8}.Release|Any CPU.Build.0 = Release|Any CPU
		{55D8C1AA-6B5F-49F5-A795-0D0F084C77D8}.Release|x64.ActiveCfg = Release|Any CPU
		{55D8C1AA-6B5F-49F5-A795-0D0F084C77D8}.Release|x64.Build.0 = Release|Any CPU
		{55D8C1AA-6B5F-49F5-A795-0D0F084C77D8}.Release|x86.ActiveCfg = Release|Any CPU
		{55D8C1AA-6B5F-49F5-A795-0D0F084C77D8}.Release|x86.Build.0 = Release|Any CPU
		{43418DA5-AE08-4ECE-89B2-7B37827EC447}.Debug|Any CPU.ActiveCfg = Debug|Any CPU
		{43418DA5-AE08-4ECE-89B2-7B37827EC447}.Debug|Any CPU.Build.0 = Debug|Any CPU
		{43418DA5-AE08-4ECE-89B2-7B37827EC447}.Debug|x64.ActiveCfg = Debug|Any CPU
		{43418DA5-AE08-4ECE-89B2-7B37827EC447}.Debug|x64.Build.0 = Debug|Any CPU
		{43418DA5-AE08-4ECE-89B2-7B37827EC447}.Debug|x86.ActiveCfg = Debug|Any CPU
		{43418DA5-AE08-4ECE-89B2-7B37827EC447}.Debug|x86.Build.0 = Debug|Any CPU
		{43418DA5-AE08-4ECE-89B2-7B37827EC447}.Release|Any CPU.ActiveCfg = Release|Any CPU
		{43418DA5-AE08-4ECE-89B2-7B37827EC447}.Release|Any CPU.Build.0 = Release|Any CPU
		{43418DA5-AE08-4ECE-89B2-7B37827EC447}.Release|x64.ActiveCfg = Release|Any CPU
		{43418DA5-AE08-4ECE-89B2-7B37827EC447}.Release|x64.Build.0 = Release|Any CPU
		{43418DA5-AE08-4ECE-89B2-7B37827EC447}.Release|x86.ActiveCfg = Release|Any CPU
		{43418DA5-AE08-4ECE-89B2-7B37827EC447}.Release|x86.Build.0 = Release|Any CPU
		{7D10B87B-1A7D-48D7-8A62-3650FF6A416A}.Debug|Any CPU.ActiveCfg = Debug|Any CPU
		{7D10B87B-1A7D-48D7-8A62-3650FF6A416A}.Debug|Any CPU.Build.0 = Debug|Any CPU
		{7D10B87B-1A7D-48D7-8A62-3650FF6A416A}.Debug|x64.ActiveCfg = Debug|Any CPU
		{7D10B87B-1A7D-48D7-8A62-3650FF6A416A}.Debug|x64.Build.0 = Debug|Any CPU
		{7D10B87B-1A7D-48D7-8A62-3650FF6A416A}.Debug|x86.ActiveCfg = Debug|Any CPU
		{7D10B87B-1A7D-48D7-8A62-3650FF6A416A}.Debug|x86.Build.0 = Debug|Any CPU
		{7D10B87B-1A7D-48D7-8A62-3650FF6A416A}.Release|Any CPU.ActiveCfg = Release|Any CPU
		{7D10B87B-1A7D-48D7-8A62-3650FF6A416A}.Release|Any CPU.Build.0 = Release|Any CPU
		{7D10B87B-1A7D-48D7-8A62-3650FF6A416A}.Release|x64.ActiveCfg = Release|Any CPU
		{7D10B87B-1A7D-48D7-8A62-3650FF6A416A}.Release|x64.Build.0 = Release|Any CPU
		{7D10B87B-1A7D-48D7-8A62-3650FF6A416A}.Release|x86.ActiveCfg = Release|Any CPU
		{7D10B87B-1A7D-48D7-8A62-3650FF6A416A}.Release|x86.Build.0 = Release|Any CPU
		{F6B87A87-47C4-4FC4-BDE9-F61321449B14}.Debug|Any CPU.ActiveCfg = Debug|Any CPU
		{F6B87A87-47C4-4FC4-BDE9-F61321449B14}.Debug|Any CPU.Build.0 = Debug|Any CPU
		{F6B87A87-47C4-4FC4-BDE9-F61321449B14}.Debug|x64.ActiveCfg = Debug|Any CPU
		{F6B87A87-47C4-4FC4-BDE9-F61321449B14}.Debug|x64.Build.0 = Debug|Any CPU
		{F6B87A87-47C4-4FC4-BDE9-F61321449B14}.Debug|x86.ActiveCfg = Debug|Any CPU
		{F6B87A87-47C4-4FC4-BDE9-F61321449B14}.Debug|x86.Build.0 = Debug|Any CPU
		{F6B87A87-47C4-4FC4-BDE9-F61321449B14}.Release|Any CPU.ActiveCfg = Release|Any CPU
		{F6B87A87-47C4-4FC4-BDE9-F61321449B14}.Release|Any CPU.Build.0 = Release|Any CPU
		{F6B87A87-47C4-4FC4-BDE9-F61321449B14}.Release|x64.ActiveCfg = Release|Any CPU
		{F6B87A87-47C4-4FC4-BDE9-F61321449B14}.Release|x64.Build.0 = Release|Any CPU
		{F6B87A87-47C4-4FC4-BDE9-F61321449B14}.Release|x86.ActiveCfg = Release|Any CPU
		{F6B87A87-47C4-4FC4-BDE9-F61321449B14}.Release|x86.Build.0 = Release|Any CPU
		{9FED5A00-FDA9-4C7D-9C02-3DE9FAA36AE6}.Debug|Any CPU.ActiveCfg = Debug|Any CPU
		{9FED5A00-FDA9-4C7D-9C02-3DE9FAA36AE6}.Debug|Any CPU.Build.0 = Debug|Any CPU
		{9FED5A00-FDA9-4C7D-9C02-3DE9FAA36AE6}.Debug|x64.ActiveCfg = Debug|Any CPU
		{9FED5A00-FDA9-4C7D-9C02-3DE9FAA36AE6}.Debug|x64.Build.0 = Debug|Any CPU
		{9FED5A00-FDA9-4C7D-9C02-3DE9FAA36AE6}.Debug|x86.ActiveCfg = Debug|Any CPU
		{9FED5A00-FDA9-4C7D-9C02-3DE9FAA36AE6}.Debug|x86.Build.0 = Debug|Any CPU
		{9FED5A00-FDA9-4C7D-9C02-3DE9FAA36AE6}.Release|Any CPU.ActiveCfg = Release|Any CPU
		{9FED5A00-FDA9-4C7D-9C02-3DE9FAA36AE6}.Release|Any CPU.Build.0 = Release|Any CPU
		{9FED5A00-FDA9-4C7D-9C02-3DE9FAA36AE6}.Release|x64.ActiveCfg = Release|Any CPU
		{9FED5A00-FDA9-4C7D-9C02-3DE9FAA36AE6}.Release|x64.Build.0 = Release|Any CPU
		{9FED5A00-FDA9-4C7D-9C02-3DE9FAA36AE6}.Release|x86.ActiveCfg = Release|Any CPU
		{9FED5A00-FDA9-4C7D-9C02-3DE9FAA36AE6}.Release|x86.Build.0 = Release|Any CPU
		{9ECE160C-D50C-4CFA-8A5A-774AB6AF882B}.Debug|Any CPU.ActiveCfg = Debug|Any CPU
		{9ECE160C-D50C-4CFA-8A5A-774AB6AF882B}.Debug|Any CPU.Build.0 = Debug|Any CPU
		{9ECE160C-D50C-4CFA-8A5A-774AB6AF882B}.Debug|x64.ActiveCfg = Debug|Any CPU
		{9ECE160C-D50C-4CFA-8A5A-774AB6AF882B}.Debug|x64.Build.0 = Debug|Any CPU
		{9ECE160C-D50C-4CFA-8A5A-774AB6AF882B}.Debug|x86.ActiveCfg = Debug|Any CPU
		{9ECE160C-D50C-4CFA-8A5A-774AB6AF882B}.Debug|x86.Build.0 = Debug|Any CPU
		{9ECE160C-D50C-4CFA-8A5A-774AB6AF882B}.Release|Any CPU.ActiveCfg = Release|Any CPU
		{9ECE160C-D50C-4CFA-8A5A-774AB6AF882B}.Release|Any CPU.Build.0 = Release|Any CPU
		{9ECE160C-D50C-4CFA-8A5A-774AB6AF882B}.Release|x64.ActiveCfg = Release|Any CPU
		{9ECE160C-D50C-4CFA-8A5A-774AB6AF882B}.Release|x64.Build.0 = Release|Any CPU
		{9ECE160C-D50C-4CFA-8A5A-774AB6AF882B}.Release|x86.ActiveCfg = Release|Any CPU
		{9ECE160C-D50C-4CFA-8A5A-774AB6AF882B}.Release|x86.Build.0 = Release|Any CPU
		{D8CF41FB-118B-40D2-A967-5185459CAAB1}.Debug|Any CPU.ActiveCfg = Debug|Any CPU
		{D8CF41FB-118B-40D2-A967-5185459CAAB1}.Debug|Any CPU.Build.0 = Debug|Any CPU
		{D8CF41FB-118B-40D2-A967-5185459CAAB1}.Debug|x64.ActiveCfg = Debug|Any CPU
		{D8CF41FB-118B-40D2-A967-5185459CAAB1}.Debug|x64.Build.0 = Debug|Any CPU
		{D8CF41FB-118B-40D2-A967-5185459CAAB1}.Debug|x86.ActiveCfg = Debug|Any CPU
		{D8CF41FB-118B-40D2-A967-5185459CAAB1}.Debug|x86.Build.0 = Debug|Any CPU
		{D8CF41FB-118B-40D2-A967-5185459CAAB1}.Release|Any CPU.ActiveCfg = Release|Any CPU
		{D8CF41FB-118B-40D2-A967-5185459CAAB1}.Release|Any CPU.Build.0 = Release|Any CPU
		{D8CF41FB-118B-40D2-A967-5185459CAAB1}.Release|x64.ActiveCfg = Release|Any CPU
		{D8CF41FB-118B-40D2-A967-5185459CAAB1}.Release|x64.Build.0 = Release|Any CPU
		{D8CF41FB-118B-40D2-A967-5185459CAAB1}.Release|x86.ActiveCfg = Release|Any CPU
		{D8CF41FB-118B-40D2-A967-5185459CAAB1}.Release|x86.Build.0 = Release|Any CPU
		{084D3CA9-6F2B-4791-86D6-1E4EC50741F0}.Debug|Any CPU.ActiveCfg = Debug|Any CPU
		{084D3CA9-6F2B-4791-86D6-1E4EC50741F0}.Debug|Any CPU.Build.0 = Debug|Any CPU
		{084D3CA9-6F2B-4791-86D6-1E4EC50741F0}.Debug|x64.ActiveCfg = Debug|Any CPU
		{084D3CA9-6F2B-4791-86D6-1E4EC50741F0}.Debug|x64.Build.0 = Debug|Any CPU
		{084D3CA9-6F2B-4791-86D6-1E4EC50741F0}.Debug|x86.ActiveCfg = Debug|Any CPU
		{084D3CA9-6F2B-4791-86D6-1E4EC50741F0}.Debug|x86.Build.0 = Debug|Any CPU
		{084D3CA9-6F2B-4791-86D6-1E4EC50741F0}.Release|Any CPU.ActiveCfg = Release|Any CPU
		{084D3CA9-6F2B-4791-86D6-1E4EC50741F0}.Release|Any CPU.Build.0 = Release|Any CPU
		{084D3CA9-6F2B-4791-86D6-1E4EC50741F0}.Release|x64.ActiveCfg = Release|Any CPU
		{084D3CA9-6F2B-4791-86D6-1E4EC50741F0}.Release|x64.Build.0 = Release|Any CPU
		{084D3CA9-6F2B-4791-86D6-1E4EC50741F0}.Release|x86.ActiveCfg = Release|Any CPU
		{084D3CA9-6F2B-4791-86D6-1E4EC50741F0}.Release|x86.Build.0 = Release|Any CPU
		{E4809EFB-72B5-49C5-A5CB-2722B779DCD5}.Debug|Any CPU.ActiveCfg = Debug|Any CPU
		{E4809EFB-72B5-49C5-A5CB-2722B779DCD5}.Debug|Any CPU.Build.0 = Debug|Any CPU
		{E4809EFB-72B5-49C5-A5CB-2722B779DCD5}.Debug|x64.ActiveCfg = Debug|Any CPU
		{E4809EFB-72B5-49C5-A5CB-2722B779DCD5}.Debug|x64.Build.0 = Debug|Any CPU
		{E4809EFB-72B5-49C5-A5CB-2722B779DCD5}.Debug|x86.ActiveCfg = Debug|Any CPU
		{E4809EFB-72B5-49C5-A5CB-2722B779DCD5}.Debug|x86.Build.0 = Debug|Any CPU
		{E4809EFB-72B5-49C5-A5CB-2722B779DCD5}.Release|Any CPU.ActiveCfg = Release|Any CPU
		{E4809EFB-72B5-49C5-A5CB-2722B779DCD5}.Release|Any CPU.Build.0 = Release|Any CPU
		{E4809EFB-72B5-49C5-A5CB-2722B779DCD5}.Release|x64.ActiveCfg = Release|Any CPU
		{E4809EFB-72B5-49C5-A5CB-2722B779DCD5}.Release|x64.Build.0 = Release|Any CPU
		{E4809EFB-72B5-49C5-A5CB-2722B779DCD5}.Release|x86.ActiveCfg = Release|Any CPU
		{E4809EFB-72B5-49C5-A5CB-2722B779DCD5}.Release|x86.Build.0 = Release|Any CPU
		{89ABFDA2-A98F-4D08-B429-5D2510619204}.Debug|Any CPU.ActiveCfg = Debug|Any CPU
		{89ABFDA2-A98F-4D08-B429-5D2510619204}.Debug|Any CPU.Build.0 = Debug|Any CPU
		{89ABFDA2-A98F-4D08-B429-5D2510619204}.Debug|x64.ActiveCfg = Debug|Any CPU
		{89ABFDA2-A98F-4D08-B429-5D2510619204}.Debug|x64.Build.0 = Debug|Any CPU
		{89ABFDA2-A98F-4D08-B429-5D2510619204}.Debug|x86.ActiveCfg = Debug|Any CPU
		{89ABFDA2-A98F-4D08-B429-5D2510619204}.Debug|x86.Build.0 = Debug|Any CPU
		{89ABFDA2-A98F-4D08-B429-5D2510619204}.Release|Any CPU.ActiveCfg = Release|Any CPU
		{89ABFDA2-A98F-4D08-B429-5D2510619204}.Release|Any CPU.Build.0 = Release|Any CPU
		{89ABFDA2-A98F-4D08-B429-5D2510619204}.Release|x64.ActiveCfg = Release|Any CPU
		{89ABFDA2-A98F-4D08-B429-5D2510619204}.Release|x64.Build.0 = Release|Any CPU
		{89ABFDA2-A98F-4D08-B429-5D2510619204}.Release|x86.ActiveCfg = Release|Any CPU
		{89ABFDA2-A98F-4D08-B429-5D2510619204}.Release|x86.Build.0 = Release|Any CPU
		{2858C874-0F7B-46D0-BB2E-BAF0D9613978}.Debug|Any CPU.ActiveCfg = Debug|Any CPU
		{2858C874-0F7B-46D0-BB2E-BAF0D9613978}.Debug|Any CPU.Build.0 = Debug|Any CPU
		{2858C874-0F7B-46D0-BB2E-BAF0D9613978}.Debug|x64.ActiveCfg = Debug|Any CPU
		{2858C874-0F7B-46D0-BB2E-BAF0D9613978}.Debug|x64.Build.0 = Debug|Any CPU
		{2858C874-0F7B-46D0-BB2E-BAF0D9613978}.Debug|x86.ActiveCfg = Debug|Any CPU
		{2858C874-0F7B-46D0-BB2E-BAF0D9613978}.Debug|x86.Build.0 = Debug|Any CPU
		{2858C874-0F7B-46D0-BB2E-BAF0D9613978}.Release|Any CPU.ActiveCfg = Release|Any CPU
		{2858C874-0F7B-46D0-BB2E-BAF0D9613978}.Release|Any CPU.Build.0 = Release|Any CPU
		{2858C874-0F7B-46D0-BB2E-BAF0D9613978}.Release|x64.ActiveCfg = Release|Any CPU
		{2858C874-0F7B-46D0-BB2E-BAF0D9613978}.Release|x64.Build.0 = Release|Any CPU
		{2858C874-0F7B-46D0-BB2E-BAF0D9613978}.Release|x86.ActiveCfg = Release|Any CPU
		{2858C874-0F7B-46D0-BB2E-BAF0D9613978}.Release|x86.Build.0 = Release|Any CPU
		{710A4D1D-CB73-4F4C-9BAF-A262204B8382}.Debug|Any CPU.ActiveCfg = Debug|Any CPU
		{710A4D1D-CB73-4F4C-9BAF-A262204B8382}.Debug|Any CPU.Build.0 = Debug|Any CPU
		{710A4D1D-CB73-4F4C-9BAF-A262204B8382}.Debug|x64.ActiveCfg = Debug|Any CPU
		{710A4D1D-CB73-4F4C-9BAF-A262204B8382}.Debug|x64.Build.0 = Debug|Any CPU
		{710A4D1D-CB73-4F4C-9BAF-A262204B8382}.Debug|x86.ActiveCfg = Debug|Any CPU
		{710A4D1D-CB73-4F4C-9BAF-A262204B8382}.Debug|x86.Build.0 = Debug|Any CPU
		{710A4D1D-CB73-4F4C-9BAF-A262204B8382}.Release|Any CPU.ActiveCfg = Release|Any CPU
		{710A4D1D-CB73-4F4C-9BAF-A262204B8382}.Release|Any CPU.Build.0 = Release|Any CPU
		{710A4D1D-CB73-4F4C-9BAF-A262204B8382}.Release|x64.ActiveCfg = Release|Any CPU
		{710A4D1D-CB73-4F4C-9BAF-A262204B8382}.Release|x64.Build.0 = Release|Any CPU
		{710A4D1D-CB73-4F4C-9BAF-A262204B8382}.Release|x86.ActiveCfg = Release|Any CPU
		{710A4D1D-CB73-4F4C-9BAF-A262204B8382}.Release|x86.Build.0 = Release|Any CPU
	EndGlobalSection
	GlobalSection(SolutionProperties) = preSolution
		HideSolutionNode = FALSE
	EndGlobalSection
EndGlobal
